
Microsoft Visual Studio Solution File, Format Version 12.00
# Visual Studio 15
VisualStudioVersion = 15.0.28307.2092
MinimumVisualStudioVersion = 10.0.40219.1
Project("{8BC9CEB8-8B4A-11D0-8D11-00A0C91BC942}") = "lAB2_3", "lAB2_3\lAB2_3.vcxproj", "{EAC38610-3968-4DA4-B781-555DC8B79228}"
EndProject
Global
	GlobalSection(SolutionConfigurationPlatforms) = preSolution
		Debug|x64 = Debug|x64
		Debug|x86 = Debug|x86
		Release|x64 = Release|x64
		Release|x86 = Release|x86
	EndGlobalSection
	GlobalSection(ProjectConfigurationPlatforms) = postSolution
		{EAC38610-3968-4DA4-B781-555DC8B79228}.Debug|x64.ActiveCfg = Debug|x64
		{EAC38610-3968-4DA4-B781-555DC8B79228}.Debug|x64.Build.0 = Debug|x64
		{EAC38610-3968-4DA4-B781-555DC8B79228}.Debug|x86.ActiveCfg = Debug|Win32
		{EAC38610-3968-4DA4-B781-555DC8B79228}.Debug|x86.Build.0 = Debug|Win32
		{EAC38610-3968-4DA4-B781-555DC8B79228}.Release|x64.ActiveCfg = Release|x64
		{EAC38610-3968-4DA4-B781-555DC8B79228}.Release|x64.Build.0 = Release|x64
		{EAC38610-3968-4DA4-B781-555DC8B79228}.Release|x86.ActiveCfg = Release|Win32
		{EAC38610-3968-4DA4-B781-555DC8B79228}.Release|x86.Build.0 = Release|Win32
	EndGlobalSection
	GlobalSection(SolutionProperties) = preSolution
		HideSolutionNode = FALSE
	EndGlobalSection
	GlobalSection(ExtensibilityGlobals) = postSolution
		SolutionGuid = {AEAC8D07-17C5-45B9-B3C4-AE2121E3209E}
	EndGlobalSection
EndGlobal
